
Microsoft Visual Studio Solution File, Format Version 12.00
# Visual Studio Version 17
VisualStudioVersion = 17.0.31903.59
MinimumVisualStudioVersion = 10.0.40219.1
Project("{2150E333-8FDC-42A3-9474-1A3956D46DE8}") = "src", "src", "{827E0CD3-B72D-47B6-A68D-7590B98EB39B}"
EndProject
Project("{FAE04EC0-301F-11D3-BF4B-00C04F79EFBC}") = "TotalCall.Client", "src\TotalCall.Client\TotalCall.Client.csproj", "{BCF900F2-591A-410E-9FA2-9DFC2AD1D7CE}"
EndProject
Project("{2150E333-8FDC-42A3-9474-1A3956D46DE8}") = "tests", "tests", "{AF59DAB9-42E7-4531-89FB-8D2537CD10A5}"
EndProject
Project("{FAE04EC0-301F-11D3-BF4B-00C04F79EFBC}") = "TotalCall.Tests", "tests\TotalCall.Tests\TotalCall.Tests.csproj", "{4410E036-E680-4918-8094-0B1AB2F83376}"
EndProject
Project("{FAE04EC0-301F-11D3-BF4B-00C04F79EFBC}") = "TotalCall.Core", "src\TotalCall.Core\TotalCall.Core.csproj", "{6E789744-571D-447C-9CE8-13E4ACC906B9}"
EndProject
Project("{FAE04EC0-301F-11D3-BF4B-00C04F79EFBC}") = "TotalCall.Operations", "src\TotalCall.Operations\TotalCall.Operations.csproj", "{BD3E6063-58A7-4988-8750-371EA6F2786D}"
EndProject
Global
	GlobalSection(SolutionConfigurationPlatforms) = preSolution
		Debug|Any CPU = Debug|Any CPU
		Debug|x64 = Debug|x64
		Debug|x86 = Debug|x86
		Release|Any CPU = Release|Any CPU
		Release|x64 = Release|x64
		Release|x86 = Release|x86
	EndGlobalSection
	GlobalSection(ProjectConfigurationPlatforms) = postSolution
		{BCF900F2-591A-410E-9FA2-9DFC2AD1D7CE}.Debug|Any CPU.ActiveCfg = Debug|Any CPU
		{BCF900F2-591A-410E-9FA2-9DFC2AD1D7CE}.Debug|Any CPU.Build.0 = Debug|Any CPU
		{BCF900F2-591A-410E-9FA2-9DFC2AD1D7CE}.Debug|x64.ActiveCfg = Debug|Any CPU
		{BCF900F2-591A-410E-9FA2-9DFC2AD1D7CE}.Debug|x64.Build.0 = Debug|Any CPU
		{BCF900F2-591A-410E-9FA2-9DFC2AD1D7CE}.Debug|x86.ActiveCfg = Debug|Any CPU
		{BCF900F2-591A-410E-9FA2-9DFC2AD1D7CE}.Debug|x86.Build.0 = Debug|Any CPU
		{BCF900F2-591A-410E-9FA2-9DFC2AD1D7CE}.Release|Any CPU.ActiveCfg = Release|Any CPU
		{BCF900F2-591A-410E-9FA2-9DFC2AD1D7CE}.Release|Any CPU.Build.0 = Release|Any CPU
		{BCF900F2-591A-410E-9FA2-9DFC2AD1D7CE}.Release|x64.ActiveCfg = Release|Any CPU
		{BCF900F2-591A-410E-9FA2-9DFC2AD1D7CE}.Release|x64.Build.0 = Release|Any CPU
		{BCF900F2-591A-410E-9FA2-9DFC2AD1D7CE}.Release|x86.ActiveCfg = Release|Any CPU
		{BCF900F2-591A-410E-9FA2-9DFC2AD1D7CE}.Release|x86.Build.0 = Release|Any CPU
		{4410E036-E680-4918-8094-0B1AB2F83376}.Debug|Any CPU.ActiveCfg = Debug|Any CPU
		{4410E036-E680-4918-8094-0B1AB2F83376}.Debug|Any CPU.Build.0 = Debug|Any CPU
		{4410E036-E680-4918-8094-0B1AB2F83376}.Debug|x64.ActiveCfg = Debug|Any CPU
		{4410E036-E680-4918-8094-0B1AB2F83376}.Debug|x64.Build.0 = Debug|Any CPU
		{4410E036-E680-4918-8094-0B1AB2F83376}.Debug|x86.ActiveCfg = Debug|Any CPU
		{4410E036-E680-4918-8094-0B1AB2F83376}.Debug|x86.Build.0 = Debug|Any CPU
		{4410E036-E680-4918-8094-0B1AB2F83376}.Release|Any CPU.ActiveCfg = Release|Any CPU
		{4410E036-E680-4918-8094-0B1AB2F83376}.Release|Any CPU.Build.0 = Release|Any CPU
		{4410E036-E680-4918-8094-0B1AB2F83376}.Release|x64.ActiveCfg = Release|Any CPU
		{4410E036-E680-4918-8094-0B1AB2F83376}.Release|x64.Build.0 = Release|Any CPU
		{4410E036-E680-4918-8094-0B1AB2F83376}.Release|x86.ActiveCfg = Release|Any CPU
		{4410E036-E680-4918-8094-0B1AB2F83376}.Release|x86.Build.0 = Release|Any CPU
		{6E789744-571D-447C-9CE8-13E4ACC906B9}.Debug|Any CPU.ActiveCfg = Debug|Any CPU
		{6E789744-571D-447C-9CE8-13E4ACC906B9}.Debug|Any CPU.Build.0 = Debug|Any CPU
		{6E789744-571D-447C-9CE8-13E4ACC906B9}.Debug|x64.ActiveCfg = Debug|Any CPU
		{6E789744-571D-447C-9CE8-13E4ACC906B9}.Debug|x64.Build.0 = Debug|Any CPU
		{6E789744-571D-447C-9CE8-13E4ACC906B9}.Debug|x86.ActiveCfg = Debug|Any CPU
		{6E789744-571D-447C-9CE8-13E4ACC906B9}.Debug|x86.Build.0 = Debug|Any CPU
		{6E789744-571D-447C-9CE8-13E4ACC906B9}.Release|Any CPU.ActiveCfg = Release|Any CPU
		{6E789744-571D-447C-9CE8-13E4ACC906B9}.Release|Any CPU.Build.0 = Release|Any CPU
		{6E789744-571D-447C-9CE8-13E4ACC906B9}.Release|x64.ActiveCfg = Release|Any CPU
		{6E789744-571D-447C-9CE8-13E4ACC906B9}.Release|x64.Build.0 = Release|Any CPU
		{6E789744-571D-447C-9CE8-13E4ACC906B9}.Release|x86.ActiveCfg = Release|Any CPU
		{6E789744-571D-447C-9CE8-13E4ACC906B9}.Release|x86.Build.0 = Release|Any CPU
		{BD3E6063-58A7-4988-8750-371EA6F2786D}.Debug|Any CPU.ActiveCfg = Debug|Any CPU
		{BD3E6063-58A7-4988-8750-371EA6F2786D}.Debug|Any CPU.Build.0 = Debug|Any CPU
		{BD3E6063-58A7-4988-8750-371EA6F2786D}.Debug|x64.ActiveCfg = Debug|Any CPU
		{BD3E6063-58A7-4988-8750-371EA6F2786D}.Debug|x64.Build.0 = Debug|Any CPU
		{BD3E6063-58A7-4988-8750-371EA6F2786D}.Debug|x86.ActiveCfg = Debug|Any CPU
		{BD3E6063-58A7-4988-8750-371EA6F2786D}.Debug|x86.Build.0 = Debug|Any CPU
		{BD3E6063-58A7-4988-8750-371EA6F2786D}.Release|Any CPU.ActiveCfg = Release|Any CPU
		{BD3E6063-58A7-4988-8750-371EA6F2786D}.Release|Any CPU.Build.0 = Release|Any CPU
		{BD3E6063-58A7-4988-8750-371EA6F2786D}.Release|x64.ActiveCfg = Release|Any CPU
		{BD3E6063-58A7-4988-8750-371EA6F2786D}.Release|x64.Build.0 = Release|Any CPU
		{BD3E6063-58A7-4988-8750-371EA6F2786D}.Release|x86.ActiveCfg = Release|Any CPU
		{BD3E6063-58A7-4988-8750-371EA6F2786D}.Release|x86.Build.0 = Release|Any CPU
	EndGlobalSection
	GlobalSection(SolutionProperties) = preSolution
		HideSolutionNode = FALSE
	EndGlobalSection
	GlobalSection(NestedProjects) = preSolution
		{BCF900F2-591A-410E-9FA2-9DFC2AD1D7CE} = {827E0CD3-B72D-47B6-A68D-7590B98EB39B}
		{4410E036-E680-4918-8094-0B1AB2F83376} = {AF59DAB9-42E7-4531-89FB-8D2537CD10A5}
		{6E789744-571D-447C-9CE8-13E4ACC906B9} = {827E0CD3-B72D-47B6-A68D-7590B98EB39B}
		{BD3E6063-58A7-4988-8750-371EA6F2786D} = {827E0CD3-B72D-47B6-A68D-7590B98EB39B}
	EndGlobalSection
EndGlobal
